
Microsoft Visual Studio Solution File, Format Version 12.00
# Visual Studio Version 17
VisualStudioVersion = 17.2.32519.379
MinimumVisualStudioVersion = 10.0.40219.1
Project("{FAE04EC0-301F-11D3-BF4B-00C04F79EFBC}") = "Regex", "Regex\Regex.csproj", "{F9BBEB31-EE78-42F2-98EB-11BB62F67FAD}"
EndProject
Global
	GlobalSection(SolutionConfigurationPlatforms) = preSolution
		Debug|Any CPU = Debug|Any CPU
		Release|Any CPU = Release|Any CPU
	EndGlobalSection
	GlobalSection(ProjectConfigurationPlatforms) = postSolution
		{F9BBEB31-EE78-42F2-98EB-11BB62F67FAD}.Debug|Any CPU.ActiveCfg = Debug|Any CPU
		{F9BBEB31-EE78-42F2-98EB-11BB62F67FAD}.Debug|Any CPU.Build.0 = Debug|Any CPU
		{F9BBEB31-EE78-42F2-98EB-11BB62F67FAD}.Release|Any CPU.ActiveCfg = Release|Any CPU
		{F9BBEB31-EE78-42F2-98EB-11BB62F67FAD}.Release|Any CPU.Build.0 = Release|Any CPU
	EndGlobalSection
	GlobalSection(SolutionProperties) = preSolution
		HideSolutionNode = FALSE
	EndGlobalSection
	GlobalSection(ExtensibilityGlobals) = postSolution
		SolutionGuid = {EEF7536B-80B2-49D4-B5BA-A4EE3BA91957}
	EndGlobalSection
EndGlobal
